
Microsoft Visual Studio Solution File, Format Version 12.00
# Visual Studio Version 17
VisualStudioVersion = 17.7.34202.233
MinimumVisualStudioVersion = 10.0.40219.1
Project("{8BC9CEB8-8B4A-11D0-8D11-00A0C91BC942}") = "AiyagariModelGitHub", "AiyagariModelGitHub.vcxproj", "{499FC984-5491-4BD9-8778-27C0097EAD79}"
EndProject
Global
	GlobalSection(SolutionConfigurationPlatforms) = preSolution
		Debug|x64 = Debug|x64
		Release|x64 = Release|x64
	EndGlobalSection
	GlobalSection(ProjectConfigurationPlatforms) = postSolution
		{499FC984-5491-4BD9-8778-27C0097EAD79}.Debug|x64.ActiveCfg = Debug|x64
		{499FC984-5491-4BD9-8778-27C0097EAD79}.Debug|x64.Build.0 = Debug|x64
		{499FC984-5491-4BD9-8778-27C0097EAD79}.Release|x64.ActiveCfg = Release|x64
		{499FC984-5491-4BD9-8778-27C0097EAD79}.Release|x64.Build.0 = Release|x64
	EndGlobalSection
	GlobalSection(SolutionProperties) = preSolution
		HideSolutionNode = FALSE
	EndGlobalSection
	GlobalSection(ExtensibilityGlobals) = postSolution
		SolutionGuid = {82109266-E907-491E-9450-B50DBC3A538E}
	EndGlobalSection
EndGlobal
